
Microsoft Visual Studio Solution File, Format Version 11.00
# Visual Studio 2010
Project("{FAE04EC0-301F-11D3-BF4B-00C04F79EFBC}") = "Week 6 - Video Experiment", "Assembly-CSharp.csproj", "{98B30C2A-F172-700E-9BED-09E212D7FEBC}"
EndProject
Global
	GlobalSection(SolutionConfigurationPlatforms) = preSolution
		Debug|Any CPU = Debug|Any CPU
		Release|Any CPU = Release|Any CPU
	EndGlobalSection
	GlobalSection(ProjectConfigurationPlatforms) = postSolution
		{98B30C2A-F172-700E-9BED-09E212D7FEBC}.Debug|Any CPU.ActiveCfg = Debug|Any CPU
		{98B30C2A-F172-700E-9BED-09E212D7FEBC}.Debug|Any CPU.Build.0 = Debug|Any CPU
		{98B30C2A-F172-700E-9BED-09E212D7FEBC}.Release|Any CPU.ActiveCfg = Release|Any CPU
		{98B30C2A-F172-700E-9BED-09E212D7FEBC}.Release|Any CPU.Build.0 = Release|Any CPU
	EndGlobalSection
	GlobalSection(SolutionProperties) = preSolution
		HideSolutionNode = FALSE
	EndGlobalSection
	GlobalSection(MonoDevelopProperties) = preSolution
		StartupItem = Assembly-CSharp.csproj
	EndGlobalSection
EndGlobal
